
Microsoft Visual Studio Solution File, Format Version 12.00
# Visual Studio Version 17
VisualStudioVersion = 17.9.34607.119
MinimumVisualStudioVersion = 10.0.40219.1
Project("{FAE04EC0-301F-11D3-BF4B-00C04F79EFBC}") = "MyPortfolio", "MyPortfolio\MyPortfolio.csproj", "{2F6655BF-6CAB-43D8-ACC4-F1ACBEBA6C0F}"
EndProject
Global
	GlobalSection(SolutionConfigurationPlatforms) = preSolution
		Debug|Any CPU = Debug|Any CPU
		Release|Any CPU = Release|Any CPU
	EndGlobalSection
	GlobalSection(ProjectConfigurationPlatforms) = postSolution
		{2F6655BF-6CAB-43D8-ACC4-F1ACBEBA6C0F}.Debug|Any CPU.ActiveCfg = Debug|Any CPU
		{2F6655BF-6CAB-43D8-ACC4-F1ACBEBA6C0F}.Debug|Any CPU.Build.0 = Debug|Any CPU
		{2F6655BF-6CAB-43D8-ACC4-F1ACBEBA6C0F}.Release|Any CPU.ActiveCfg = Release|Any CPU
		{2F6655BF-6CAB-43D8-ACC4-F1ACBEBA6C0F}.Release|Any CPU.Build.0 = Release|Any CPU
	EndGlobalSection
	GlobalSection(SolutionProperties) = preSolution
		HideSolutionNode = FALSE
	EndGlobalSection
	GlobalSection(ExtensibilityGlobals) = postSolution
		SolutionGuid = {7A9F3865-371D-4655-A9D5-3E682228F51A}
	EndGlobalSection
EndGlobal
